
Microsoft Visual Studio Solution File, Format Version 12.00
# Visual Studio 2013
VisualStudioVersion = 12.0.31101.0
MinimumVisualStudioVersion = 10.0.40219.1
Project("{FAE04EC0-301F-11D3-BF4B-00C04F79EFBC}") = "BingTranslateSample", "BingTranslateSample.csproj", "{83C2627A-2EED-40EB-AFA3-99BF27029234}"
EndProject
Project("{2150E333-8FDC-42A3-9474-1A3956D46DE8}") = ".nuget", ".nuget", "{99F89F46-A93E-462A-96A3-168BAC179178}"
	ProjectSection(SolutionItems) = preProject
		.nuget\NuGet.Config = .nuget\NuGet.Config
		.nuget\NuGet.exe = .nuget\NuGet.exe
		.nuget\NuGet.targets = .nuget\NuGet.targets
	EndProjectSection
EndProject
Project("{2150E333-8FDC-42A3-9474-1A3956D46DE8}") = "Solution Items", "Solution Items", "{FC8C1435-DBA8-4D8C-97EB-EE44A8F76C14}"
	ProjectSection(SolutionItems) = preProject
		ReadMe.txt = ReadMe.txt
	EndProjectSection
EndProject
Project("{FAE04EC0-301F-11D3-BF4B-00C04F79EFBC}") = "MvcApplicationForMSTranslateExample", "..\MvcApplicationForMSTranslateExample\MvcApplicationForMSTranslateExample.csproj", "{10501DA8-DD6F-4D14-9A0A-CC96653C8653}"
EndProject
Project("{FAE04EC0-301F-11D3-BF4B-00C04F79EFBC}") = "MvcApplicationForMSTranslateExample.Tests", "..\MvcApplicationForMSTranslateExample.Tests\MvcApplicationForMSTranslateExample.Tests.csproj", "{6AD73036-29F4-4B31-A78D-A7DAA510674A}"
EndProject
Project("{FAE04EC0-301F-11D3-BF4B-00C04F79EFBC}") = "_WebApplication1", "WebApplication1\_WebApplication1.csproj", "{43592E5B-4001-4F7E-83C9-5A87ACABD164}"
EndProject
Project("{FAE04EC0-301F-11D3-BF4B-00C04F79EFBC}") = "_MvcApplication1", "..\MvcApplication1\_MvcApplication1.csproj", "{373A6154-C2E4-408E-92F3-8D545CBCA31A}"
EndProject
Global
	GlobalSection(SolutionConfigurationPlatforms) = preSolution
		Debug|Any CPU = Debug|Any CPU
		Debug|x86 = Debug|x86
		Release|Any CPU = Release|Any CPU
		Release|x86 = Release|x86
	EndGlobalSection
	GlobalSection(ProjectConfigurationPlatforms) = postSolution
		{83C2627A-2EED-40EB-AFA3-99BF27029234}.Debug|Any CPU.ActiveCfg = Debug|Any CPU
		{83C2627A-2EED-40EB-AFA3-99BF27029234}.Debug|Any CPU.Build.0 = Debug|Any CPU
		{83C2627A-2EED-40EB-AFA3-99BF27029234}.Debug|x86.ActiveCfg = Debug|x86
		{83C2627A-2EED-40EB-AFA3-99BF27029234}.Debug|x86.Build.0 = Debug|x86
		{83C2627A-2EED-40EB-AFA3-99BF27029234}.Release|Any CPU.ActiveCfg = Release|Any CPU
		{83C2627A-2EED-40EB-AFA3-99BF27029234}.Release|Any CPU.Build.0 = Release|Any CPU
		{83C2627A-2EED-40EB-AFA3-99BF27029234}.Release|x86.ActiveCfg = Release|x86
		{83C2627A-2EED-40EB-AFA3-99BF27029234}.Release|x86.Build.0 = Release|x86
		{10501DA8-DD6F-4D14-9A0A-CC96653C8653}.Debug|Any CPU.ActiveCfg = Debug|Any CPU
		{10501DA8-DD6F-4D14-9A0A-CC96653C8653}.Debug|Any CPU.Build.0 = Debug|Any CPU
		{10501DA8-DD6F-4D14-9A0A-CC96653C8653}.Debug|x86.ActiveCfg = Debug|Any CPU
		{10501DA8-DD6F-4D14-9A0A-CC96653C8653}.Release|Any CPU.ActiveCfg = Release|Any CPU
		{10501DA8-DD6F-4D14-9A0A-CC96653C8653}.Release|Any CPU.Build.0 = Release|Any CPU
		{10501DA8-DD6F-4D14-9A0A-CC96653C8653}.Release|x86.ActiveCfg = Release|Any CPU
		{6AD73036-29F4-4B31-A78D-A7DAA510674A}.Debug|Any CPU.ActiveCfg = Debug|Any CPU
		{6AD73036-29F4-4B31-A78D-A7DAA510674A}.Debug|Any CPU.Build.0 = Debug|Any CPU
		{6AD73036-29F4-4B31-A78D-A7DAA510674A}.Debug|x86.ActiveCfg = Debug|Any CPU
		{6AD73036-29F4-4B31-A78D-A7DAA510674A}.Release|Any CPU.ActiveCfg = Release|Any CPU
		{6AD73036-29F4-4B31-A78D-A7DAA510674A}.Release|Any CPU.Build.0 = Release|Any CPU
		{6AD73036-29F4-4B31-A78D-A7DAA510674A}.Release|x86.ActiveCfg = Release|Any CPU
		{43592E5B-4001-4F7E-83C9-5A87ACABD164}.Debug|Any CPU.ActiveCfg = Debug|Any CPU
		{43592E5B-4001-4F7E-83C9-5A87ACABD164}.Debug|Any CPU.Build.0 = Debug|Any CPU
		{43592E5B-4001-4F7E-83C9-5A87ACABD164}.Debug|x86.ActiveCfg = Debug|Any CPU
		{43592E5B-4001-4F7E-83C9-5A87ACABD164}.Release|Any CPU.ActiveCfg = Release|Any CPU
		{43592E5B-4001-4F7E-83C9-5A87ACABD164}.Release|Any CPU.Build.0 = Release|Any CPU
		{43592E5B-4001-4F7E-83C9-5A87ACABD164}.Release|x86.ActiveCfg = Release|Any CPU
		{373A6154-C2E4-408E-92F3-8D545CBCA31A}.Debug|Any CPU.ActiveCfg = Debug|Any CPU
		{373A6154-C2E4-408E-92F3-8D545CBCA31A}.Debug|Any CPU.Build.0 = Debug|Any CPU
		{373A6154-C2E4-408E-92F3-8D545CBCA31A}.Debug|x86.ActiveCfg = Debug|Any CPU
		{373A6154-C2E4-408E-92F3-8D545CBCA31A}.Release|Any CPU.ActiveCfg = Release|Any CPU
		{373A6154-C2E4-408E-92F3-8D545CBCA31A}.Release|Any CPU.Build.0 = Release|Any CPU
		{373A6154-C2E4-408E-92F3-8D545CBCA31A}.Release|x86.ActiveCfg = Release|Any CPU
	EndGlobalSection
	GlobalSection(SolutionProperties) = preSolution
		HideSolutionNode = FALSE
	EndGlobalSection
EndGlobal
